{
  "name": "k-colors",
  "version": "0.1.0",
  "lockfileVersion": 3,
  "requires": true,
  "packages": {
    "": {
      "name": "k-colors",
      "version": "0.1.0",
      "license": "Unlicense",
      "dependencies": {
        "k-means-pp": "^2.3.1"
      }
    },
    "node_modules/k-means-pp": {
      "version": "2.3.1",
      "resolved": "https://registry.npmmirror.com/k-means-pp/-/k-means-pp-2.3.1.tgz",
      "integrity": "sha512-CuSc3HDVE9h2WO5J+bvW3LukDKCiON00sg9M2pNZIG4YlFfRczWeVpUZmvtfPw42l94gF22GEcpdyOkTv7a47g=="
    }
  }
}
